
Microsoft Visual Studio Solution File, Format Version 12.00
# Visual Studio 15
VisualStudioVersion = 15.0.26730.8
MinimumVisualStudioVersion = 10.0.40219.1
Project("{FAE04EC0-301F-11D3-BF4B-00C04F79EFBC}") = "JCLib", "JCLib\JCLib.csproj", "{541442E0-C8A4-4FF5-8F5F-2C818E324F98}"
EndProject
Project("{FAE04EC0-301F-11D3-BF4B-00C04F79EFBC}") = "WebSvc", "WebSvc\WebSvc.csproj", "{818B0D48-8F08-42CD-A668-8F38806A1205}"
EndProject
Project("{2150E333-8FDC-42A3-9474-1A3956D46DE8}") = "Solution Items", "Solution Items", "{C86B1201-8697-4A0E-8C1B-A7F528EA6876}"
	ProjectSection(SolutionItems) = preProject
		.gitlab-ci.yml = .gitlab-ci.yml
	EndProjectSection
EndProject
Project("{FAE04EC0-301F-11D3-BF4B-00C04F79EFBC}") = "WebApp", "WebApp\WebApp.csproj", "{DFF06BDB-703A-4DD3-BE71-920846515BBD}"
EndProject
Project("{FAE04EC0-301F-11D3-BF4B-00C04F79EFBC}") = "WebAppVen", "WebAppVen\WebAppVen.csproj", "{AF6E0B2A-F4D1-4CA4-BD08-31363E6CC387}"
	ProjectSection(ProjectDependencies) = postProject
		{541442E0-C8A4-4FF5-8F5F-2C818E324F98} = {541442E0-C8A4-4FF5-8F5F-2C818E324F98}
	EndProjectSection
EndProject
Project("{2150E333-8FDC-42A3-9474-1A3956D46DE8}") = "Schedule", "Schedule", "{99F0E767-A5EF-45A2-8D20-2828BC875B38}"
EndProject
Project("{FAE04EC0-301F-11D3-BF4B-00C04F79EFBC}") = "BHS001", "Schedule\BHS001\BHS001.csproj", "{4D23ADEC-26CD-410F-A272-6D3F2ACAA2BD}"
EndProject
Project("{FAE04EC0-301F-11D3-BF4B-00C04F79EFBC}") = "BHS002", "Schedule\BHS002\BHS002.csproj", "{BFAC02C3-2953-405C-B490-9313FF02F299}"
EndProject
Project("{FAE04EC0-301F-11D3-BF4B-00C04F79EFBC}") = "BHS003", "Schedule\BHS003\BHS003.csproj", "{DB03CBB3-7BB8-4910-A38A-08EB9DF05822}"
EndProject
Project("{2150E333-8FDC-42A3-9474-1A3956D46DE8}") = "exe", "exe", "{2C2416D6-0FE1-4949-BABB-4E2F94708ED9}"
	ProjectSection(SolutionItems) = preProject
		Schedule\exe\AB0009.exe = Schedule\exe\AB0009.exe
		Schedule\exe\BDS001.exe = Schedule\exe\BDS001.exe
		Schedule\BDS003\bin\Debug\BDS003.exe = Schedule\BDS003\bin\Debug\BDS003.exe
		Schedule\exe\BHS001.exe = Schedule\exe\BHS001.exe
		Schedule\exe\BHS002.exe = Schedule\exe\BHS002.exe
		Schedule\exe\BHS003.exe = Schedule\exe\BHS003.exe
		Schedule\BHS005\bin\Debug\BHS005.exe = Schedule\BHS005\bin\Debug\BHS005.exe
		Schedule\exe\Dapper.dll = Schedule\exe\Dapper.dll
		Schedule\exe\Dapper.xml = Schedule\exe\Dapper.xml
		Schedule\exe\ICSharpCode.SharpZipLib.dll = Schedule\exe\ICSharpCode.SharpZipLib.dll
		Schedule\exe\JCLib.dll = Schedule\exe\JCLib.dll
		DLLImport\MMSMSBAS.dll = DLLImport\MMSMSBAS.dll
		Schedule\exe\Newtonsoft.Json.dll = Schedule\exe\Newtonsoft.Json.dll
		Schedule\exe\Newtonsoft.Json.xml = Schedule\exe\Newtonsoft.Json.xml
		Schedule\exe\NPOI.dll = Schedule\exe\NPOI.dll
		Schedule\exe\Oracle.DataAccess.dll = Schedule\exe\Oracle.DataAccess.dll
		Schedule\exe\Oracle.ManagedDataAccess.dll = Schedule\exe\Oracle.ManagedDataAccess.dll
		Schedule\exe\Schedule.config = Schedule\exe\Schedule.config
		Schedule\exe\Schedule.config.config = Schedule\exe\Schedule.config.config
		DLLImport\Sybase.AdoNet4.AseClient.dll = DLLImport\Sybase.AdoNet4.AseClient.dll
		Schedule\exe\三總排程總表.xls = Schedule\exe\三總排程總表.xls
	EndProjectSection
EndProject
Project("{FAE04EC0-301F-11D3-BF4B-00C04F79EFBC}") = "JSONImport", "JSONImport\JSONImport.csproj", "{43D33E90-AE26-4663-B2A7-583A378D9668}"
EndProject
Project("{FAE04EC0-301F-11D3-BF4B-00C04F79EFBC}") = "Report", "Report\Report.csproj", "{6A7630B8-A933-4323-B484-96822706D92F}"
EndProject
Project("{FAE04EC0-301F-11D3-BF4B-00C04F79EFBC}") = "AB0009", "Schedule\AB0009\AB0009.csproj", "{EB45C92F-D664-4F6E-9695-2EA844DC358F}"
EndProject
Project("{FAE04EC0-301F-11D3-BF4B-00C04F79EFBC}") = "BDS001", "Schedule\BDS001\BDS001.csproj", "{9F3BF4E0-09F9-4F52-8AD1-30FF0858D2D5}"
EndProject
Project("{FAE04EC0-301F-11D3-BF4B-00C04F79EFBC}") = "BHS004", "Schedule\BHS004\BHS004.csproj", "{12D1233A-4D11-4D8D-8DDD-BB4E394B3BCE}"
EndProject
Project("{FAE04EC0-301F-11D3-BF4B-00C04F79EFBC}") = "DLLImport", "DLLImport\DLLImport.csproj", "{A54D0F86-EA9F-4425-9422-1C6EEEFF78BE}"
EndProject
Project("{FAE04EC0-301F-11D3-BF4B-00C04F79EFBC}") = "CALLSP", "Schedule\CALLSP\CALLSP.csproj", "{8A95AEED-1B5F-41DB-BC3A-0F1576057687}"
EndProject
Project("{FAE04EC0-301F-11D3-BF4B-00C04F79EFBC}") = "CF0001", "Schedule\CF0001\CF0001.csproj", "{1281A263-FA18-4A26-850D-6CF69F83D365}"
EndProject
Project("{FAE04EC0-301F-11D3-BF4B-00C04F79EFBC}") = "MMSMSREPORT", "MMSMSREPORT\MMSMSREPORT.csproj", "{67F42423-D533-411F-9459-DE56341A10CA}"
EndProject
Project("{FAE04EC0-301F-11D3-BF4B-00C04F79EFBC}") = "AA0112", "Schedule\AA0112\AA0112.csproj", "{8C9C6067-C696-4E5A-9DC9-16925ADF54F7}"
EndProject
Project("{FAE04EC0-301F-11D3-BF4B-00C04F79EFBC}") = "BDS002", "BDS002\BDS002.csproj", "{8F80CE9C-ABF2-4258-B65B-71E6129CCC98}"
EndProject
Project("{FAE04EC0-301F-11D3-BF4B-00C04F79EFBC}") = "BDS003", "Schedule\BDS003\BDS003.csproj", "{E1B87BA4-3397-4070-A425-84C46BF19C12}"
EndProject
Project("{FAE04EC0-301F-11D3-BF4B-00C04F79EFBC}") = "BHS005", "Schedule\BHS005\BHS005.csproj", "{A793121E-9D65-4FC1-AFB5-95727E6D866F}"
EndProject
Project("{FAE04EC0-301F-11D3-BF4B-00C04F79EFBC}") = "MMSMSBAS", "MMSMSBAS\MMSMSBAS.csproj", "{AB0712A5-0D07-41AA-A9A9-CC8EF06560D0}"
EndProject
Project("{FAE04EC0-301F-11D3-BF4B-00C04F79EFBC}") = "BDS004", "Schedule\BDS004\BDS004.csproj", "{524BEFAE-046A-49E1-AD71-6A4FDD11D6E2}"
EndProject
Project("{FAE04EC0-301F-11D3-BF4B-00C04F79EFBC}") = "MASTImport", "Schedule\MASTImport\MASTImport.csproj", "{2F663101-D108-4D19-BA98-447791E35E00}"
EndProject
Project("{FAE04EC0-301F-11D3-BF4B-00C04F79EFBC}") = "CDS010", "Schedule\CDS010\CDS010.csproj", "{7A5BD35B-FE27-4663-AFC1-35AFF7597C2F}"
EndProject
Project("{FAE04EC0-301F-11D3-BF4B-00C04F79EFBC}") = "ConsoleApp1", "Schedule\ConsoleApp1\ConsoleApp1.csproj", "{F8624C6E-4EEE-4751-AF17-D76803F7A40B}"
EndProject
Project("{FAE04EC0-301F-11D3-BF4B-00C04F79EFBC}") = "BDS005", "Schedule\BDS005\BDS005.csproj", "{69992B6B-26B1-48D2-9661-2D4949069218}"
EndProject
Project("{FAE04EC0-301F-11D3-BF4B-00C04F79EFBC}") = "AB0009_1", "Schedule\AB0009_1\AB0009_1.csproj", "{06222902-6091-46EA-949A-4B0766167CFF}"
EndProject
Project("{FAE04EC0-301F-11D3-BF4B-00C04F79EFBC}") = "AB0010_1", "Schedule\AB0010_1\AB0010_1.csproj", "{2D4D311F-E70E-49EB-AEFC-57561196410B}"
EndProject
Project("{FAE04EC0-301F-11D3-BF4B-00C04F79EFBC}") = "AAS001", "Schedule\AAS001\AAS001.csproj", "{A9A17C49-EB25-48CB-BFD4-2381280940C0}"
EndProject
Project("{FAE04EC0-301F-11D3-BF4B-00C04F79EFBC}") = "BDS006", "Schedule\BDS006\BDS006.csproj", "{3AD6EBDE-199E-416C-8930-D08F7D29F792}"
EndProject
Project("{FAE04EC0-301F-11D3-BF4B-00C04F79EFBC}") = "HisApi_DrugQuantity", "Schedule\HisApi_DrugQuantity\HisApi_DrugQuantity.csproj", "{779B651B-1730-420C-A61A-223F1DEA6AE9}"
EndProject
Project("{FAE04EC0-301F-11D3-BF4B-00C04F79EFBC}") = "HisApi_DrugQuantityIni", "Schedule\HisApi_DrugQuantityIni\HisApi_DrugQuantityIni.csproj", "{0B22E9D3-835C-4C5F-9008-0A67150A585C}"
EndProject
Project("{FAE04EC0-301F-11D3-BF4B-00C04F79EFBC}") = "BDS007", "Schedule\BDS007\BDS007.csproj", "{7832B199-0AC4-4A79-BD22-1C83828C6F16}"
EndProject
Project("{FAE04EC0-301F-11D3-BF4B-00C04F79EFBC}") = "WebApi", "WebApi\WebApi.csproj", "{8FE09A0E-2E47-4619-8226-9C61C4DCDA5F}"
EndProject
Project("{FAE04EC0-301F-11D3-BF4B-00C04F79EFBC}") = "BDS001_1", "Schedule\BDS001_1_補轉MM_PO_D到外網\BDS001_1.csproj", "{8F3C0D30-B77E-4EE9-A3D3-31E9FCF13E04}"
EndProject
Project("{FAE04EC0-301F-11D3-BF4B-00C04F79EFBC}") = "SetAvgPrice", "Schedule\SetAvgPrice\SetAvgPrice.csproj", "{E448C056-E97B-4E6C-A5DC-A2BEC6FF17A7}"
EndProject
Project("{FAE04EC0-301F-11D3-BF4B-00C04F79EFBC}") = "BES001", "Schedule\BES001\BES001.csproj", "{1D8AEA0B-0511-47E3-AC01-AEFA10630195}"
EndProject
Project("{FAE04EC0-301F-11D3-BF4B-00C04F79EFBC}") = "His2ConsumeTransfer", "Schedule\His2ConsumeTransfer\His2ConsumeTransfer.csproj", "{BC081D6A-13BF-449F-8323-33AE9145613F}"
EndProject
Project("{FAE04EC0-301F-11D3-BF4B-00C04F79EFBC}") = "MiConsumeDailyTransfer", "Schedule\MiConsumeDailyTransfer\MiConsumeDailyTransfer.csproj", "{FC32CE23-AD5B-4F1E-A5A2-A5C1A3FF92A2}"
EndProject
Project("{FAE04EC0-301F-11D3-BF4B-00C04F79EFBC}") = "MiWinvctlTranefer", "Schedule\MiWinvctlTranefer\MiWinvctlTranefer.csproj", "{7912CCAB-2F87-4A72-9AAE-AEB2FF50BB46}"
EndProject
Project("{FAE04EC0-301F-11D3-BF4B-00C04F79EFBC}") = "BES002", "Schedule\BES002\BES002.csproj", "{9E5C49B9-1ADE-4619-8C65-12B20952A757}"
EndProject
Project("{FAE04EC0-301F-11D3-BF4B-00C04F79EFBC}") = "BES003", "Schedule\BES003\BES003.csproj", "{645BF875-29BC-43D0-9331-E0F379870521}"
EndProject
Project("{FAE04EC0-301F-11D3-BF4B-00C04F79EFBC}") = "AAS002", "Schedule\AAS002\AAS002.csproj", "{E33AD84F-7876-4D27-A88C-6C422D872DD5}"
EndProject
Project("{FAE04EC0-301F-11D3-BF4B-00C04F79EFBC}") = "His2ConsumeTransferByDatetimeRange", "Schedule\His2ConsumeTransferByDatetimeRange\His2ConsumeTransferByDatetimeRange.csproj", "{73B379B5-A3AC-4E4E-896D-AD7233F68407}"
EndProject
Project("{FAE04EC0-301F-11D3-BF4B-00C04F79EFBC}") = "UridDeactivate", "Schedule\UridDeactivate\UridDeactivate.csproj", "{2D95BBC0-2223-4089-AB06-653498827A96}"
EndProject
Project("{FAE04EC0-301F-11D3-BF4B-00C04F79EFBC}") = "YarmynoTransfer", "Schedule\YarmynoTransfer\YarmynoTransfer.csproj", "{A7B10D38-F196-4260-8686-8F92902E653C}"
EndProject
Project("{FAE04EC0-301F-11D3-BF4B-00C04F79EFBC}") = "DailyDocnoSeqReset", "Schedule\DailyDocnoSeqReset\DailyDocnoSeqReset.csproj", "{58E4CBC6-D588-4D2C-8070-3FFAAC81AF81}"
EndProject
Project("{FAE04EC0-301F-11D3-BF4B-00C04F79EFBC}") = "BDS008", "Schedule\BDS008\BDS008.csproj", "{045BC7CF-8EB1-47B3-8927-08D1C5492837}"
EndProject
Project("{FAE04EC0-301F-11D3-BF4B-00C04F79EFBC}") = "DataTransfer14", "Schedule\DataTransfer14\DataTransfer14.csproj", "{4CCEF959-6011-414F-AE8D-EA23C4EA9737}"
EndProject
Project("{FAE04EC0-301F-11D3-BF4B-00C04F79EFBC}") = "HIS14SUPDETtransfer", "Schedule\HIS14SUPDETtransfer\HIS14SUPDETtransfer.csproj", "{EC6B26E2-153E-46CE-BD05-252C1528B439}"
EndProject
Project("{FAE04EC0-301F-11D3-BF4B-00C04F79EFBC}") = "HIS14TADDETtransfer", "Schedule\HIS14TADDETtransfer\HIS14TADDETtransfer.csproj", "{7A193D44-AA1F-4EE4-9660-28DF25759CB5}"
EndProject
Project("{FAE04EC0-301F-11D3-BF4B-00C04F79EFBC}") = "ROReset", "Schedule\ROReset\ROReset\ROReset.csproj", "{6AC7A999-D243-4F03-B60D-8238890ECF6B}"
EndProject
Project("{FAE04EC0-301F-11D3-BF4B-00C04F79EFBC}") = "SetEffMiMast", "Schedule\SetEffMiMast\SetEffMiMast.csproj", "{3F56DDA8-A67F-4BB6-8394-118DDF08B556}"
EndProject
Global
	GlobalSection(SolutionConfigurationPlatforms) = preSolution
		Debug|Any CPU = Debug|Any CPU
		Debug|x64 = Debug|x64
		Release|Any CPU = Release|Any CPU
		Release|x64 = Release|x64
	EndGlobalSection
	GlobalSection(ProjectConfigurationPlatforms) = postSolution
		{541442E0-C8A4-4FF5-8F5F-2C818E324F98}.Debug|Any CPU.ActiveCfg = Debug|Any CPU
		{541442E0-C8A4-4FF5-8F5F-2C818E324F98}.Debug|Any CPU.Build.0 = Debug|Any CPU
		{541442E0-C8A4-4FF5-8F5F-2C818E324F98}.Debug|x64.ActiveCfg = Debug|Any CPU
		{541442E0-C8A4-4FF5-8F5F-2C818E324F98}.Debug|x64.Build.0 = Debug|Any CPU
		{541442E0-C8A4-4FF5-8F5F-2C818E324F98}.Release|Any CPU.ActiveCfg = Release|Any CPU
		{541442E0-C8A4-4FF5-8F5F-2C818E324F98}.Release|Any CPU.Build.0 = Release|Any CPU
		{541442E0-C8A4-4FF5-8F5F-2C818E324F98}.Release|x64.ActiveCfg = Release|Any CPU
		{541442E0-C8A4-4FF5-8F5F-2C818E324F98}.Release|x64.Build.0 = Release|Any CPU
		{818B0D48-8F08-42CD-A668-8F38806A1205}.Debug|Any CPU.ActiveCfg = Debug|Any CPU
		{818B0D48-8F08-42CD-A668-8F38806A1205}.Debug|Any CPU.Build.0 = Debug|Any CPU
		{818B0D48-8F08-42CD-A668-8F38806A1205}.Debug|x64.ActiveCfg = Debug|Any CPU
		{818B0D48-8F08-42CD-A668-8F38806A1205}.Debug|x64.Build.0 = Debug|Any CPU
		{818B0D48-8F08-42CD-A668-8F38806A1205}.Release|Any CPU.ActiveCfg = Release|Any CPU
		{818B0D48-8F08-42CD-A668-8F38806A1205}.Release|Any CPU.Build.0 = Release|Any CPU
		{818B0D48-8F08-42CD-A668-8F38806A1205}.Release|x64.ActiveCfg = Release|Any CPU
		{818B0D48-8F08-42CD-A668-8F38806A1205}.Release|x64.Build.0 = Release|Any CPU
		{DFF06BDB-703A-4DD3-BE71-920846515BBD}.Debug|Any CPU.ActiveCfg = Debug|Any CPU
		{DFF06BDB-703A-4DD3-BE71-920846515BBD}.Debug|Any CPU.Build.0 = Debug|Any CPU
		{DFF06BDB-703A-4DD3-BE71-920846515BBD}.Debug|x64.ActiveCfg = Debug|Any CPU
		{DFF06BDB-703A-4DD3-BE71-920846515BBD}.Debug|x64.Build.0 = Debug|Any CPU
		{DFF06BDB-703A-4DD3-BE71-920846515BBD}.Release|Any CPU.ActiveCfg = Release|Any CPU
		{DFF06BDB-703A-4DD3-BE71-920846515BBD}.Release|Any CPU.Build.0 = Release|Any CPU
		{DFF06BDB-703A-4DD3-BE71-920846515BBD}.Release|x64.ActiveCfg = Release|Any CPU
		{DFF06BDB-703A-4DD3-BE71-920846515BBD}.Release|x64.Build.0 = Release|Any CPU
		{AF6E0B2A-F4D1-4CA4-BD08-31363E6CC387}.Debug|Any CPU.ActiveCfg = Debug|Any CPU
		{AF6E0B2A-F4D1-4CA4-BD08-31363E6CC387}.Debug|Any CPU.Build.0 = Debug|Any CPU
		{AF6E0B2A-F4D1-4CA4-BD08-31363E6CC387}.Debug|x64.ActiveCfg = Debug|Any CPU
		{AF6E0B2A-F4D1-4CA4-BD08-31363E6CC387}.Debug|x64.Build.0 = Debug|Any CPU
		{AF6E0B2A-F4D1-4CA4-BD08-31363E6CC387}.Release|Any CPU.ActiveCfg = Release|Any CPU
		{AF6E0B2A-F4D1-4CA4-BD08-31363E6CC387}.Release|Any CPU.Build.0 = Release|Any CPU
		{AF6E0B2A-F4D1-4CA4-BD08-31363E6CC387}.Release|x64.ActiveCfg = Release|Any CPU
		{AF6E0B2A-F4D1-4CA4-BD08-31363E6CC387}.Release|x64.Build.0 = Release|Any CPU
		{4D23ADEC-26CD-410F-A272-6D3F2ACAA2BD}.Debug|Any CPU.ActiveCfg = Debug|Any CPU
		{4D23ADEC-26CD-410F-A272-6D3F2ACAA2BD}.Debug|Any CPU.Build.0 = Debug|Any CPU
		{4D23ADEC-26CD-410F-A272-6D3F2ACAA2BD}.Debug|x64.ActiveCfg = Debug|Any CPU
		{4D23ADEC-26CD-410F-A272-6D3F2ACAA2BD}.Debug|x64.Build.0 = Debug|Any CPU
		{4D23ADEC-26CD-410F-A272-6D3F2ACAA2BD}.Release|Any CPU.ActiveCfg = Release|Any CPU
		{4D23ADEC-26CD-410F-A272-6D3F2ACAA2BD}.Release|Any CPU.Build.0 = Release|Any CPU
		{4D23ADEC-26CD-410F-A272-6D3F2ACAA2BD}.Release|x64.ActiveCfg = Release|Any CPU
		{4D23ADEC-26CD-410F-A272-6D3F2ACAA2BD}.Release|x64.Build.0 = Release|Any CPU
		{BFAC02C3-2953-405C-B490-9313FF02F299}.Debug|Any CPU.ActiveCfg = Debug|Any CPU
		{BFAC02C3-2953-405C-B490-9313FF02F299}.Debug|Any CPU.Build.0 = Debug|Any CPU
		{BFAC02C3-2953-405C-B490-9313FF02F299}.Debug|x64.ActiveCfg = Debug|x64
		{BFAC02C3-2953-405C-B490-9313FF02F299}.Debug|x64.Build.0 = Debug|x64
		{BFAC02C3-2953-405C-B490-9313FF02F299}.Release|Any CPU.ActiveCfg = Release|Any CPU
		{BFAC02C3-2953-405C-B490-9313FF02F299}.Release|Any CPU.Build.0 = Release|Any CPU
		{BFAC02C3-2953-405C-B490-9313FF02F299}.Release|x64.ActiveCfg = Release|x64
		{BFAC02C3-2953-405C-B490-9313FF02F299}.Release|x64.Build.0 = Release|x64
		{DB03CBB3-7BB8-4910-A38A-08EB9DF05822}.Debug|Any CPU.ActiveCfg = Debug|Any CPU
		{DB03CBB3-7BB8-4910-A38A-08EB9DF05822}.Debug|Any CPU.Build.0 = Debug|Any CPU
		{DB03CBB3-7BB8-4910-A38A-08EB9DF05822}.Debug|x64.ActiveCfg = Debug|Any CPU
		{DB03CBB3-7BB8-4910-A38A-08EB9DF05822}.Debug|x64.Build.0 = Debug|Any CPU
		{DB03CBB3-7BB8-4910-A38A-08EB9DF05822}.Release|Any CPU.ActiveCfg = Release|Any CPU
		{DB03CBB3-7BB8-4910-A38A-08EB9DF05822}.Release|Any CPU.Build.0 = Release|Any CPU
		{DB03CBB3-7BB8-4910-A38A-08EB9DF05822}.Release|x64.ActiveCfg = Release|Any CPU
		{DB03CBB3-7BB8-4910-A38A-08EB9DF05822}.Release|x64.Build.0 = Release|Any CPU
		{43D33E90-AE26-4663-B2A7-583A378D9668}.Debug|Any CPU.ActiveCfg = Debug|Any CPU
		{43D33E90-AE26-4663-B2A7-583A378D9668}.Debug|Any CPU.Build.0 = Debug|Any CPU
		{43D33E90-AE26-4663-B2A7-583A378D9668}.Debug|x64.ActiveCfg = Debug|Any CPU
		{43D33E90-AE26-4663-B2A7-583A378D9668}.Debug|x64.Build.0 = Debug|Any CPU
		{43D33E90-AE26-4663-B2A7-583A378D9668}.Release|Any CPU.ActiveCfg = Release|Any CPU
		{43D33E90-AE26-4663-B2A7-583A378D9668}.Release|Any CPU.Build.0 = Release|Any CPU
		{43D33E90-AE26-4663-B2A7-583A378D9668}.Release|x64.ActiveCfg = Release|Any CPU
		{43D33E90-AE26-4663-B2A7-583A378D9668}.Release|x64.Build.0 = Release|Any CPU
		{6A7630B8-A933-4323-B484-96822706D92F}.Debug|Any CPU.ActiveCfg = Debug|Any CPU
		{6A7630B8-A933-4323-B484-96822706D92F}.Debug|Any CPU.Build.0 = Debug|Any CPU
		{6A7630B8-A933-4323-B484-96822706D92F}.Debug|x64.ActiveCfg = Debug|Any CPU
		{6A7630B8-A933-4323-B484-96822706D92F}.Debug|x64.Build.0 = Debug|Any CPU
		{6A7630B8-A933-4323-B484-96822706D92F}.Release|Any CPU.ActiveCfg = Release|Any CPU
		{6A7630B8-A933-4323-B484-96822706D92F}.Release|Any CPU.Build.0 = Release|Any CPU
		{6A7630B8-A933-4323-B484-96822706D92F}.Release|x64.ActiveCfg = Release|Any CPU
		{6A7630B8-A933-4323-B484-96822706D92F}.Release|x64.Build.0 = Release|Any CPU
		{EB45C92F-D664-4F6E-9695-2EA844DC358F}.Debug|Any CPU.ActiveCfg = Debug|Any CPU
		{EB45C92F-D664-4F6E-9695-2EA844DC358F}.Debug|Any CPU.Build.0 = Debug|Any CPU
		{EB45C92F-D664-4F6E-9695-2EA844DC358F}.Debug|x64.ActiveCfg = Debug|Any CPU
		{EB45C92F-D664-4F6E-9695-2EA844DC358F}.Debug|x64.Build.0 = Debug|Any CPU
		{EB45C92F-D664-4F6E-9695-2EA844DC358F}.Release|Any CPU.ActiveCfg = Release|Any CPU
		{EB45C92F-D664-4F6E-9695-2EA844DC358F}.Release|Any CPU.Build.0 = Release|Any CPU
		{EB45C92F-D664-4F6E-9695-2EA844DC358F}.Release|x64.ActiveCfg = Release|Any CPU
		{EB45C92F-D664-4F6E-9695-2EA844DC358F}.Release|x64.Build.0 = Release|Any CPU
		{9F3BF4E0-09F9-4F52-8AD1-30FF0858D2D5}.Debug|Any CPU.ActiveCfg = Debug|Any CPU
		{9F3BF4E0-09F9-4F52-8AD1-30FF0858D2D5}.Debug|Any CPU.Build.0 = Debug|Any CPU
		{9F3BF4E0-09F9-4F52-8AD1-30FF0858D2D5}.Debug|x64.ActiveCfg = Debug|x64
		{9F3BF4E0-09F9-4F52-8AD1-30FF0858D2D5}.Debug|x64.Build.0 = Debug|x64
		{9F3BF4E0-09F9-4F52-8AD1-30FF0858D2D5}.Release|Any CPU.ActiveCfg = Release|Any CPU
		{9F3BF4E0-09F9-4F52-8AD1-30FF0858D2D5}.Release|Any CPU.Build.0 = Release|Any CPU
		{9F3BF4E0-09F9-4F52-8AD1-30FF0858D2D5}.Release|x64.ActiveCfg = Release|x64
		{9F3BF4E0-09F9-4F52-8AD1-30FF0858D2D5}.Release|x64.Build.0 = Release|x64
		{12D1233A-4D11-4D8D-8DDD-BB4E394B3BCE}.Debug|Any CPU.ActiveCfg = Debug|Any CPU
		{12D1233A-4D11-4D8D-8DDD-BB4E394B3BCE}.Debug|Any CPU.Build.0 = Debug|Any CPU
		{12D1233A-4D11-4D8D-8DDD-BB4E394B3BCE}.Debug|x64.ActiveCfg = Debug|x64
		{12D1233A-4D11-4D8D-8DDD-BB4E394B3BCE}.Debug|x64.Build.0 = Debug|x64
		{12D1233A-4D11-4D8D-8DDD-BB4E394B3BCE}.Release|Any CPU.ActiveCfg = Release|Any CPU
		{12D1233A-4D11-4D8D-8DDD-BB4E394B3BCE}.Release|Any CPU.Build.0 = Release|Any CPU
		{12D1233A-4D11-4D8D-8DDD-BB4E394B3BCE}.Release|x64.ActiveCfg = Release|x64
		{12D1233A-4D11-4D8D-8DDD-BB4E394B3BCE}.Release|x64.Build.0 = Release|x64
		{A54D0F86-EA9F-4425-9422-1C6EEEFF78BE}.Debug|Any CPU.ActiveCfg = Debug|Any CPU
		{A54D0F86-EA9F-4425-9422-1C6EEEFF78BE}.Debug|Any CPU.Build.0 = Debug|Any CPU
		{A54D0F86-EA9F-4425-9422-1C6EEEFF78BE}.Debug|x64.ActiveCfg = Debug|Any CPU
		{A54D0F86-EA9F-4425-9422-1C6EEEFF78BE}.Debug|x64.Build.0 = Debug|Any CPU
		{A54D0F86-EA9F-4425-9422-1C6EEEFF78BE}.Release|Any CPU.ActiveCfg = Release|Any CPU
		{A54D0F86-EA9F-4425-9422-1C6EEEFF78BE}.Release|Any CPU.Build.0 = Release|Any CPU
		{A54D0F86-EA9F-4425-9422-1C6EEEFF78BE}.Release|x64.ActiveCfg = Release|Any CPU
		{A54D0F86-EA9F-4425-9422-1C6EEEFF78BE}.Release|x64.Build.0 = Release|Any CPU
		{8A95AEED-1B5F-41DB-BC3A-0F1576057687}.Debug|Any CPU.ActiveCfg = Debug|Any CPU
		{8A95AEED-1B5F-41DB-BC3A-0F1576057687}.Debug|Any CPU.Build.0 = Debug|Any CPU
		{8A95AEED-1B5F-41DB-BC3A-0F1576057687}.Debug|x64.ActiveCfg = Debug|Any CPU
		{8A95AEED-1B5F-41DB-BC3A-0F1576057687}.Debug|x64.Build.0 = Debug|Any CPU
		{8A95AEED-1B5F-41DB-BC3A-0F1576057687}.Release|Any CPU.ActiveCfg = Release|Any CPU
		{8A95AEED-1B5F-41DB-BC3A-0F1576057687}.Release|Any CPU.Build.0 = Release|Any CPU
		{8A95AEED-1B5F-41DB-BC3A-0F1576057687}.Release|x64.ActiveCfg = Release|Any CPU
		{8A95AEED-1B5F-41DB-BC3A-0F1576057687}.Release|x64.Build.0 = Release|Any CPU
		{1281A263-FA18-4A26-850D-6CF69F83D365}.Debug|Any CPU.ActiveCfg = Debug|Any CPU
		{1281A263-FA18-4A26-850D-6CF69F83D365}.Debug|Any CPU.Build.0 = Debug|Any CPU
		{1281A263-FA18-4A26-850D-6CF69F83D365}.Debug|x64.ActiveCfg = Debug|Any CPU
		{1281A263-FA18-4A26-850D-6CF69F83D365}.Debug|x64.Build.0 = Debug|Any CPU
		{1281A263-FA18-4A26-850D-6CF69F83D365}.Release|Any CPU.ActiveCfg = Release|Any CPU
		{1281A263-FA18-4A26-850D-6CF69F83D365}.Release|Any CPU.Build.0 = Release|Any CPU
		{1281A263-FA18-4A26-850D-6CF69F83D365}.Release|x64.ActiveCfg = Release|Any CPU
		{1281A263-FA18-4A26-850D-6CF69F83D365}.Release|x64.Build.0 = Release|Any CPU
		{67F42423-D533-411F-9459-DE56341A10CA}.Debug|Any CPU.ActiveCfg = Debug|Any CPU
		{67F42423-D533-411F-9459-DE56341A10CA}.Debug|Any CPU.Build.0 = Debug|Any CPU
		{67F42423-D533-411F-9459-DE56341A10CA}.Debug|x64.ActiveCfg = Debug|Any CPU
		{67F42423-D533-411F-9459-DE56341A10CA}.Debug|x64.Build.0 = Debug|Any CPU
		{67F42423-D533-411F-9459-DE56341A10CA}.Release|Any CPU.ActiveCfg = Release|Any CPU
		{67F42423-D533-411F-9459-DE56341A10CA}.Release|Any CPU.Build.0 = Release|Any CPU
		{67F42423-D533-411F-9459-DE56341A10CA}.Release|x64.ActiveCfg = Release|Any CPU
		{67F42423-D533-411F-9459-DE56341A10CA}.Release|x64.Build.0 = Release|Any CPU
		{8C9C6067-C696-4E5A-9DC9-16925ADF54F7}.Debug|Any CPU.ActiveCfg = Debug|Any CPU
		{8C9C6067-C696-4E5A-9DC9-16925ADF54F7}.Debug|Any CPU.Build.0 = Debug|Any CPU
		{8C9C6067-C696-4E5A-9DC9-16925ADF54F7}.Debug|x64.ActiveCfg = Debug|Any CPU
		{8C9C6067-C696-4E5A-9DC9-16925ADF54F7}.Debug|x64.Build.0 = Debug|Any CPU
		{8C9C6067-C696-4E5A-9DC9-16925ADF54F7}.Release|Any CPU.ActiveCfg = Release|Any CPU
		{8C9C6067-C696-4E5A-9DC9-16925ADF54F7}.Release|Any CPU.Build.0 = Release|Any CPU
		{8C9C6067-C696-4E5A-9DC9-16925ADF54F7}.Release|x64.ActiveCfg = Release|Any CPU
		{8C9C6067-C696-4E5A-9DC9-16925ADF54F7}.Release|x64.Build.0 = Release|Any CPU
		{8F80CE9C-ABF2-4258-B65B-71E6129CCC98}.Debug|Any CPU.ActiveCfg = Debug|Any CPU
		{8F80CE9C-ABF2-4258-B65B-71E6129CCC98}.Debug|Any CPU.Build.0 = Debug|Any CPU
		{8F80CE9C-ABF2-4258-B65B-71E6129CCC98}.Debug|x64.ActiveCfg = Debug|Any CPU
		{8F80CE9C-ABF2-4258-B65B-71E6129CCC98}.Debug|x64.Build.0 = Debug|Any CPU
		{8F80CE9C-ABF2-4258-B65B-71E6129CCC98}.Release|Any CPU.ActiveCfg = Release|Any CPU
		{8F80CE9C-ABF2-4258-B65B-71E6129CCC98}.Release|Any CPU.Build.0 = Release|Any CPU
		{8F80CE9C-ABF2-4258-B65B-71E6129CCC98}.Release|x64.ActiveCfg = Release|Any CPU
		{8F80CE9C-ABF2-4258-B65B-71E6129CCC98}.Release|x64.Build.0 = Release|Any CPU
		{E1B87BA4-3397-4070-A425-84C46BF19C12}.Debug|Any CPU.ActiveCfg = Debug|Any CPU
		{E1B87BA4-3397-4070-A425-84C46BF19C12}.Debug|Any CPU.Build.0 = Debug|Any CPU
		{E1B87BA4-3397-4070-A425-84C46BF19C12}.Debug|x64.ActiveCfg = Debug|Any CPU
		{E1B87BA4-3397-4070-A425-84C46BF19C12}.Debug|x64.Build.0 = Debug|Any CPU
		{E1B87BA4-3397-4070-A425-84C46BF19C12}.Release|Any CPU.ActiveCfg = Release|Any CPU
		{E1B87BA4-3397-4070-A425-84C46BF19C12}.Release|Any CPU.Build.0 = Release|Any CPU
		{E1B87BA4-3397-4070-A425-84C46BF19C12}.Release|x64.ActiveCfg = Release|Any CPU
		{E1B87BA4-3397-4070-A425-84C46BF19C12}.Release|x64.Build.0 = Release|Any CPU
		{A793121E-9D65-4FC1-AFB5-95727E6D866F}.Debug|Any CPU.ActiveCfg = Debug|Any CPU
		{A793121E-9D65-4FC1-AFB5-95727E6D866F}.Debug|Any CPU.Build.0 = Debug|Any CPU
		{A793121E-9D65-4FC1-AFB5-95727E6D866F}.Debug|x64.ActiveCfg = Debug|Any CPU
		{A793121E-9D65-4FC1-AFB5-95727E6D866F}.Debug|x64.Build.0 = Debug|Any CPU
		{A793121E-9D65-4FC1-AFB5-95727E6D866F}.Release|Any CPU.ActiveCfg = Release|Any CPU
		{A793121E-9D65-4FC1-AFB5-95727E6D866F}.Release|Any CPU.Build.0 = Release|Any CPU
		{A793121E-9D65-4FC1-AFB5-95727E6D866F}.Release|x64.ActiveCfg = Release|Any CPU
		{A793121E-9D65-4FC1-AFB5-95727E6D866F}.Release|x64.Build.0 = Release|Any CPU
		{AB0712A5-0D07-41AA-A9A9-CC8EF06560D0}.Debug|Any CPU.ActiveCfg = Debug|Any CPU
		{AB0712A5-0D07-41AA-A9A9-CC8EF06560D0}.Debug|Any CPU.Build.0 = Debug|Any CPU
		{AB0712A5-0D07-41AA-A9A9-CC8EF06560D0}.Debug|x64.ActiveCfg = Debug|Any CPU
		{AB0712A5-0D07-41AA-A9A9-CC8EF06560D0}.Debug|x64.Build.0 = Debug|Any CPU
		{AB0712A5-0D07-41AA-A9A9-CC8EF06560D0}.Release|Any CPU.ActiveCfg = Release|Any CPU
		{AB0712A5-0D07-41AA-A9A9-CC8EF06560D0}.Release|Any CPU.Build.0 = Release|Any CPU
		{AB0712A5-0D07-41AA-A9A9-CC8EF06560D0}.Release|x64.ActiveCfg = Release|Any CPU
		{AB0712A5-0D07-41AA-A9A9-CC8EF06560D0}.Release|x64.Build.0 = Release|Any CPU
		{524BEFAE-046A-49E1-AD71-6A4FDD11D6E2}.Debug|Any CPU.ActiveCfg = Debug|Any CPU
		{524BEFAE-046A-49E1-AD71-6A4FDD11D6E2}.Debug|Any CPU.Build.0 = Debug|Any CPU
		{524BEFAE-046A-49E1-AD71-6A4FDD11D6E2}.Debug|x64.ActiveCfg = Debug|Any CPU
		{524BEFAE-046A-49E1-AD71-6A4FDD11D6E2}.Debug|x64.Build.0 = Debug|Any CPU
		{524BEFAE-046A-49E1-AD71-6A4FDD11D6E2}.Release|Any CPU.ActiveCfg = Release|Any CPU
		{524BEFAE-046A-49E1-AD71-6A4FDD11D6E2}.Release|Any CPU.Build.0 = Release|Any CPU
		{524BEFAE-046A-49E1-AD71-6A4FDD11D6E2}.Release|x64.ActiveCfg = Release|Any CPU
		{524BEFAE-046A-49E1-AD71-6A4FDD11D6E2}.Release|x64.Build.0 = Release|Any CPU
		{2F663101-D108-4D19-BA98-447791E35E00}.Debug|Any CPU.ActiveCfg = Debug|Any CPU
		{2F663101-D108-4D19-BA98-447791E35E00}.Debug|Any CPU.Build.0 = Debug|Any CPU
		{2F663101-D108-4D19-BA98-447791E35E00}.Debug|x64.ActiveCfg = Debug|Any CPU
		{2F663101-D108-4D19-BA98-447791E35E00}.Debug|x64.Build.0 = Debug|Any CPU
		{2F663101-D108-4D19-BA98-447791E35E00}.Release|Any CPU.ActiveCfg = Release|Any CPU
		{2F663101-D108-4D19-BA98-447791E35E00}.Release|Any CPU.Build.0 = Release|Any CPU
		{2F663101-D108-4D19-BA98-447791E35E00}.Release|x64.ActiveCfg = Release|Any CPU
		{2F663101-D108-4D19-BA98-447791E35E00}.Release|x64.Build.0 = Release|Any CPU
		{7A5BD35B-FE27-4663-AFC1-35AFF7597C2F}.Debug|Any CPU.ActiveCfg = Debug|Any CPU
		{7A5BD35B-FE27-4663-AFC1-35AFF7597C2F}.Debug|Any CPU.Build.0 = Debug|Any CPU
		{7A5BD35B-FE27-4663-AFC1-35AFF7597C2F}.Debug|x64.ActiveCfg = Debug|Any CPU
		{7A5BD35B-FE27-4663-AFC1-35AFF7597C2F}.Debug|x64.Build.0 = Debug|Any CPU
		{7A5BD35B-FE27-4663-AFC1-35AFF7597C2F}.Release|Any CPU.ActiveCfg = Release|Any CPU
		{7A5BD35B-FE27-4663-AFC1-35AFF7597C2F}.Release|Any CPU.Build.0 = Release|Any CPU
		{7A5BD35B-FE27-4663-AFC1-35AFF7597C2F}.Release|x64.ActiveCfg = Release|Any CPU
		{7A5BD35B-FE27-4663-AFC1-35AFF7597C2F}.Release|x64.Build.0 = Release|Any CPU
		{F8624C6E-4EEE-4751-AF17-D76803F7A40B}.Debug|Any CPU.ActiveCfg = Debug|Any CPU
		{F8624C6E-4EEE-4751-AF17-D76803F7A40B}.Debug|Any CPU.Build.0 = Debug|Any CPU
		{F8624C6E-4EEE-4751-AF17-D76803F7A40B}.Debug|x64.ActiveCfg = Debug|Any CPU
		{F8624C6E-4EEE-4751-AF17-D76803F7A40B}.Debug|x64.Build.0 = Debug|Any CPU
		{F8624C6E-4EEE-4751-AF17-D76803F7A40B}.Release|Any CPU.ActiveCfg = Release|Any CPU
		{F8624C6E-4EEE-4751-AF17-D76803F7A40B}.Release|Any CPU.Build.0 = Release|Any CPU
		{F8624C6E-4EEE-4751-AF17-D76803F7A40B}.Release|x64.ActiveCfg = Release|Any CPU
		{F8624C6E-4EEE-4751-AF17-D76803F7A40B}.Release|x64.Build.0 = Release|Any CPU
		{69992B6B-26B1-48D2-9661-2D4949069218}.Debug|Any CPU.ActiveCfg = Debug|Any CPU
		{69992B6B-26B1-48D2-9661-2D4949069218}.Debug|Any CPU.Build.0 = Debug|Any CPU
		{69992B6B-26B1-48D2-9661-2D4949069218}.Debug|x64.ActiveCfg = Debug|Any CPU
		{69992B6B-26B1-48D2-9661-2D4949069218}.Debug|x64.Build.0 = Debug|Any CPU
		{69992B6B-26B1-48D2-9661-2D4949069218}.Release|Any CPU.ActiveCfg = Release|Any CPU
		{69992B6B-26B1-48D2-9661-2D4949069218}.Release|Any CPU.Build.0 = Release|Any CPU
		{69992B6B-26B1-48D2-9661-2D4949069218}.Release|x64.ActiveCfg = Release|Any CPU
		{69992B6B-26B1-48D2-9661-2D4949069218}.Release|x64.Build.0 = Release|Any CPU
		{06222902-6091-46EA-949A-4B0766167CFF}.Debug|Any CPU.ActiveCfg = Debug|Any CPU
		{06222902-6091-46EA-949A-4B0766167CFF}.Debug|Any CPU.Build.0 = Debug|Any CPU
		{06222902-6091-46EA-949A-4B0766167CFF}.Debug|x64.ActiveCfg = Debug|Any CPU
		{06222902-6091-46EA-949A-4B0766167CFF}.Debug|x64.Build.0 = Debug|Any CPU
		{06222902-6091-46EA-949A-4B0766167CFF}.Release|Any CPU.ActiveCfg = Release|Any CPU
		{06222902-6091-46EA-949A-4B0766167CFF}.Release|Any CPU.Build.0 = Release|Any CPU
		{06222902-6091-46EA-949A-4B0766167CFF}.Release|x64.ActiveCfg = Release|Any CPU
		{06222902-6091-46EA-949A-4B0766167CFF}.Release|x64.Build.0 = Release|Any CPU
		{2D4D311F-E70E-49EB-AEFC-57561196410B}.Debug|Any CPU.ActiveCfg = Debug|Any CPU
		{2D4D311F-E70E-49EB-AEFC-57561196410B}.Debug|Any CPU.Build.0 = Debug|Any CPU
		{2D4D311F-E70E-49EB-AEFC-57561196410B}.Debug|x64.ActiveCfg = Debug|Any CPU
		{2D4D311F-E70E-49EB-AEFC-57561196410B}.Debug|x64.Build.0 = Debug|Any CPU
		{2D4D311F-E70E-49EB-AEFC-57561196410B}.Release|Any CPU.ActiveCfg = Release|Any CPU
		{2D4D311F-E70E-49EB-AEFC-57561196410B}.Release|Any CPU.Build.0 = Release|Any CPU
		{2D4D311F-E70E-49EB-AEFC-57561196410B}.Release|x64.ActiveCfg = Release|Any CPU
		{2D4D311F-E70E-49EB-AEFC-57561196410B}.Release|x64.Build.0 = Release|Any CPU
		{A9A17C49-EB25-48CB-BFD4-2381280940C0}.Debug|Any CPU.ActiveCfg = Debug|Any CPU
		{A9A17C49-EB25-48CB-BFD4-2381280940C0}.Debug|Any CPU.Build.0 = Debug|Any CPU
		{A9A17C49-EB25-48CB-BFD4-2381280940C0}.Debug|x64.ActiveCfg = Debug|Any CPU
		{A9A17C49-EB25-48CB-BFD4-2381280940C0}.Debug|x64.Build.0 = Debug|Any CPU
		{A9A17C49-EB25-48CB-BFD4-2381280940C0}.Release|Any CPU.ActiveCfg = Release|Any CPU
		{A9A17C49-EB25-48CB-BFD4-2381280940C0}.Release|Any CPU.Build.0 = Release|Any CPU
		{A9A17C49-EB25-48CB-BFD4-2381280940C0}.Release|x64.ActiveCfg = Release|Any CPU
		{A9A17C49-EB25-48CB-BFD4-2381280940C0}.Release|x64.Build.0 = Release|Any CPU
		{3AD6EBDE-199E-416C-8930-D08F7D29F792}.Debug|Any CPU.ActiveCfg = Debug|Any CPU
		{3AD6EBDE-199E-416C-8930-D08F7D29F792}.Debug|Any CPU.Build.0 = Debug|Any CPU
		{3AD6EBDE-199E-416C-8930-D08F7D29F792}.Debug|x64.ActiveCfg = Debug|x64
		{3AD6EBDE-199E-416C-8930-D08F7D29F792}.Debug|x64.Build.0 = Debug|x64
		{3AD6EBDE-199E-416C-8930-D08F7D29F792}.Release|Any CPU.ActiveCfg = Release|Any CPU
		{3AD6EBDE-199E-416C-8930-D08F7D29F792}.Release|Any CPU.Build.0 = Release|Any CPU
		{3AD6EBDE-199E-416C-8930-D08F7D29F792}.Release|x64.ActiveCfg = Release|x64
		{3AD6EBDE-199E-416C-8930-D08F7D29F792}.Release|x64.Build.0 = Release|x64
		{779B651B-1730-420C-A61A-223F1DEA6AE9}.Debug|Any CPU.ActiveCfg = Debug|Any CPU
		{779B651B-1730-420C-A61A-223F1DEA6AE9}.Debug|Any CPU.Build.0 = Debug|Any CPU
		{779B651B-1730-420C-A61A-223F1DEA6AE9}.Debug|x64.ActiveCfg = Debug|Any CPU
		{779B651B-1730-420C-A61A-223F1DEA6AE9}.Debug|x64.Build.0 = Debug|Any CPU
		{779B651B-1730-420C-A61A-223F1DEA6AE9}.Release|Any CPU.ActiveCfg = Release|Any CPU
		{779B651B-1730-420C-A61A-223F1DEA6AE9}.Release|Any CPU.Build.0 = Release|Any CPU
		{779B651B-1730-420C-A61A-223F1DEA6AE9}.Release|x64.ActiveCfg = Release|Any CPU
		{779B651B-1730-420C-A61A-223F1DEA6AE9}.Release|x64.Build.0 = Release|Any CPU
		{0B22E9D3-835C-4C5F-9008-0A67150A585C}.Debug|Any CPU.ActiveCfg = Debug|Any CPU
		{0B22E9D3-835C-4C5F-9008-0A67150A585C}.Debug|Any CPU.Build.0 = Debug|Any CPU
		{0B22E9D3-835C-4C5F-9008-0A67150A585C}.Debug|x64.ActiveCfg = Debug|Any CPU
		{0B22E9D3-835C-4C5F-9008-0A67150A585C}.Debug|x64.Build.0 = Debug|Any CPU
		{0B22E9D3-835C-4C5F-9008-0A67150A585C}.Release|Any CPU.ActiveCfg = Release|Any CPU
		{0B22E9D3-835C-4C5F-9008-0A67150A585C}.Release|Any CPU.Build.0 = Release|Any CPU
		{0B22E9D3-835C-4C5F-9008-0A67150A585C}.Release|x64.ActiveCfg = Release|Any CPU
		{0B22E9D3-835C-4C5F-9008-0A67150A585C}.Release|x64.Build.0 = Release|Any CPU
		{7832B199-0AC4-4A79-BD22-1C83828C6F16}.Debug|Any CPU.ActiveCfg = Debug|Any CPU
		{7832B199-0AC4-4A79-BD22-1C83828C6F16}.Debug|Any CPU.Build.0 = Debug|Any CPU
		{7832B199-0AC4-4A79-BD22-1C83828C6F16}.Debug|x64.ActiveCfg = Debug|Any CPU
		{7832B199-0AC4-4A79-BD22-1C83828C6F16}.Debug|x64.Build.0 = Debug|Any CPU
		{7832B199-0AC4-4A79-BD22-1C83828C6F16}.Release|Any CPU.ActiveCfg = Release|Any CPU
		{7832B199-0AC4-4A79-BD22-1C83828C6F16}.Release|Any CPU.Build.0 = Release|Any CPU
		{7832B199-0AC4-4A79-BD22-1C83828C6F16}.Release|x64.ActiveCfg = Release|Any CPU
		{7832B199-0AC4-4A79-BD22-1C83828C6F16}.Release|x64.Build.0 = Release|Any CPU
		{8FE09A0E-2E47-4619-8226-9C61C4DCDA5F}.Debug|Any CPU.ActiveCfg = Debug|Any CPU
		{8FE09A0E-2E47-4619-8226-9C61C4DCDA5F}.Debug|Any CPU.Build.0 = Debug|Any CPU
		{8FE09A0E-2E47-4619-8226-9C61C4DCDA5F}.Debug|x64.ActiveCfg = Debug|Any CPU
		{8FE09A0E-2E47-4619-8226-9C61C4DCDA5F}.Debug|x64.Build.0 = Debug|Any CPU
		{8FE09A0E-2E47-4619-8226-9C61C4DCDA5F}.Release|Any CPU.ActiveCfg = Release|Any CPU
		{8FE09A0E-2E47-4619-8226-9C61C4DCDA5F}.Release|Any CPU.Build.0 = Release|Any CPU
		{8FE09A0E-2E47-4619-8226-9C61C4DCDA5F}.Release|x64.ActiveCfg = Release|Any CPU
		{8FE09A0E-2E47-4619-8226-9C61C4DCDA5F}.Release|x64.Build.0 = Release|Any CPU
		{8F3C0D30-B77E-4EE9-A3D3-31E9FCF13E04}.Debug|Any CPU.ActiveCfg = Debug|Any CPU
		{8F3C0D30-B77E-4EE9-A3D3-31E9FCF13E04}.Debug|Any CPU.Build.0 = Debug|Any CPU
		{8F3C0D30-B77E-4EE9-A3D3-31E9FCF13E04}.Debug|x64.ActiveCfg = Debug|x64
		{8F3C0D30-B77E-4EE9-A3D3-31E9FCF13E04}.Debug|x64.Build.0 = Debug|x64
		{8F3C0D30-B77E-4EE9-A3D3-31E9FCF13E04}.Release|Any CPU.ActiveCfg = Release|Any CPU
		{8F3C0D30-B77E-4EE9-A3D3-31E9FCF13E04}.Release|Any CPU.Build.0 = Release|Any CPU
		{8F3C0D30-B77E-4EE9-A3D3-31E9FCF13E04}.Release|x64.ActiveCfg = Release|x64
		{8F3C0D30-B77E-4EE9-A3D3-31E9FCF13E04}.Release|x64.Build.0 = Release|x64
		{E448C056-E97B-4E6C-A5DC-A2BEC6FF17A7}.Debug|Any CPU.ActiveCfg = Debug|Any CPU
		{E448C056-E97B-4E6C-A5DC-A2BEC6FF17A7}.Debug|Any CPU.Build.0 = Debug|Any CPU
		{E448C056-E97B-4E6C-A5DC-A2BEC6FF17A7}.Debug|x64.ActiveCfg = Debug|x64
		{E448C056-E97B-4E6C-A5DC-A2BEC6FF17A7}.Debug|x64.Build.0 = Debug|x64
		{E448C056-E97B-4E6C-A5DC-A2BEC6FF17A7}.Release|Any CPU.ActiveCfg = Release|Any CPU
		{E448C056-E97B-4E6C-A5DC-A2BEC6FF17A7}.Release|Any CPU.Build.0 = Release|Any CPU
		{E448C056-E97B-4E6C-A5DC-A2BEC6FF17A7}.Release|x64.ActiveCfg = Release|x64
		{E448C056-E97B-4E6C-A5DC-A2BEC6FF17A7}.Release|x64.Build.0 = Release|x64
		{1D8AEA0B-0511-47E3-AC01-AEFA10630195}.Debug|Any CPU.ActiveCfg = Debug|Any CPU
		{1D8AEA0B-0511-47E3-AC01-AEFA10630195}.Debug|Any CPU.Build.0 = Debug|Any CPU
		{1D8AEA0B-0511-47E3-AC01-AEFA10630195}.Debug|x64.ActiveCfg = Debug|Any CPU
		{1D8AEA0B-0511-47E3-AC01-AEFA10630195}.Debug|x64.Build.0 = Debug|Any CPU
		{1D8AEA0B-0511-47E3-AC01-AEFA10630195}.Release|Any CPU.ActiveCfg = Release|Any CPU
		{1D8AEA0B-0511-47E3-AC01-AEFA10630195}.Release|Any CPU.Build.0 = Release|Any CPU
		{1D8AEA0B-0511-47E3-AC01-AEFA10630195}.Release|x64.ActiveCfg = Release|Any CPU
		{1D8AEA0B-0511-47E3-AC01-AEFA10630195}.Release|x64.Build.0 = Release|Any CPU
		{BC081D6A-13BF-449F-8323-33AE9145613F}.Debug|Any CPU.ActiveCfg = Debug|Any CPU
		{BC081D6A-13BF-449F-8323-33AE9145613F}.Debug|Any CPU.Build.0 = Debug|Any CPU
		{BC081D6A-13BF-449F-8323-33AE9145613F}.Debug|x64.ActiveCfg = Debug|Any CPU
		{BC081D6A-13BF-449F-8323-33AE9145613F}.Debug|x64.Build.0 = Debug|Any CPU
		{BC081D6A-13BF-449F-8323-33AE9145613F}.Release|Any CPU.ActiveCfg = Release|Any CPU
		{BC081D6A-13BF-449F-8323-33AE9145613F}.Release|Any CPU.Build.0 = Release|Any CPU
		{BC081D6A-13BF-449F-8323-33AE9145613F}.Release|x64.ActiveCfg = Release|Any CPU
		{BC081D6A-13BF-449F-8323-33AE9145613F}.Release|x64.Build.0 = Release|Any CPU
		{FC32CE23-AD5B-4F1E-A5A2-A5C1A3FF92A2}.Debug|Any CPU.ActiveCfg = Debug|Any CPU
		{FC32CE23-AD5B-4F1E-A5A2-A5C1A3FF92A2}.Debug|Any CPU.Build.0 = Debug|Any CPU
		{FC32CE23-AD5B-4F1E-A5A2-A5C1A3FF92A2}.Debug|x64.ActiveCfg = Debug|Any CPU
		{FC32CE23-AD5B-4F1E-A5A2-A5C1A3FF92A2}.Debug|x64.Build.0 = Debug|Any CPU
		{FC32CE23-AD5B-4F1E-A5A2-A5C1A3FF92A2}.Release|Any CPU.ActiveCfg = Release|Any CPU
		{FC32CE23-AD5B-4F1E-A5A2-A5C1A3FF92A2}.Release|Any CPU.Build.0 = Release|Any CPU
		{FC32CE23-AD5B-4F1E-A5A2-A5C1A3FF92A2}.Release|x64.ActiveCfg = Release|Any CPU
		{FC32CE23-AD5B-4F1E-A5A2-A5C1A3FF92A2}.Release|x64.Build.0 = Release|Any CPU
		{7912CCAB-2F87-4A72-9AAE-AEB2FF50BB46}.Debug|Any CPU.ActiveCfg = Debug|Any CPU
		{7912CCAB-2F87-4A72-9AAE-AEB2FF50BB46}.Debug|Any CPU.Build.0 = Debug|Any CPU
		{7912CCAB-2F87-4A72-9AAE-AEB2FF50BB46}.Debug|x64.ActiveCfg = Debug|Any CPU
		{7912CCAB-2F87-4A72-9AAE-AEB2FF50BB46}.Debug|x64.Build.0 = Debug|Any CPU
		{7912CCAB-2F87-4A72-9AAE-AEB2FF50BB46}.Release|Any CPU.ActiveCfg = Release|Any CPU
		{7912CCAB-2F87-4A72-9AAE-AEB2FF50BB46}.Release|Any CPU.Build.0 = Release|Any CPU
		{7912CCAB-2F87-4A72-9AAE-AEB2FF50BB46}.Release|x64.ActiveCfg = Release|Any CPU
		{7912CCAB-2F87-4A72-9AAE-AEB2FF50BB46}.Release|x64.Build.0 = Release|Any CPU
		{9E5C49B9-1ADE-4619-8C65-12B20952A757}.Debug|Any CPU.ActiveCfg = Debug|Any CPU
		{9E5C49B9-1ADE-4619-8C65-12B20952A757}.Debug|Any CPU.Build.0 = Debug|Any CPU
		{9E5C49B9-1ADE-4619-8C65-12B20952A757}.Debug|x64.ActiveCfg = Debug|Any CPU
		{9E5C49B9-1ADE-4619-8C65-12B20952A757}.Debug|x64.Build.0 = Debug|Any CPU
		{9E5C49B9-1ADE-4619-8C65-12B20952A757}.Release|Any CPU.ActiveCfg = Release|Any CPU
		{9E5C49B9-1ADE-4619-8C65-12B20952A757}.Release|Any CPU.Build.0 = Release|Any CPU
		{9E5C49B9-1ADE-4619-8C65-12B20952A757}.Release|x64.ActiveCfg = Release|Any CPU
		{9E5C49B9-1ADE-4619-8C65-12B20952A757}.Release|x64.Build.0 = Release|Any CPU
		{645BF875-29BC-43D0-9331-E0F379870521}.Debug|Any CPU.ActiveCfg = Debug|Any CPU
		{645BF875-29BC-43D0-9331-E0F379870521}.Debug|Any CPU.Build.0 = Debug|Any CPU
		{645BF875-29BC-43D0-9331-E0F379870521}.Debug|x64.ActiveCfg = Debug|Any CPU
		{645BF875-29BC-43D0-9331-E0F379870521}.Debug|x64.Build.0 = Debug|Any CPU
		{645BF875-29BC-43D0-9331-E0F379870521}.Release|Any CPU.ActiveCfg = Release|Any CPU
		{645BF875-29BC-43D0-9331-E0F379870521}.Release|Any CPU.Build.0 = Release|Any CPU
		{645BF875-29BC-43D0-9331-E0F379870521}.Release|x64.ActiveCfg = Release|Any CPU
		{645BF875-29BC-43D0-9331-E0F379870521}.Release|x64.Build.0 = Release|Any CPU
		{E33AD84F-7876-4D27-A88C-6C422D872DD5}.Debug|Any CPU.ActiveCfg = Debug|Any CPU
		{E33AD84F-7876-4D27-A88C-6C422D872DD5}.Debug|Any CPU.Build.0 = Debug|Any CPU
		{E33AD84F-7876-4D27-A88C-6C422D872DD5}.Debug|x64.ActiveCfg = Debug|Any CPU
		{E33AD84F-7876-4D27-A88C-6C422D872DD5}.Debug|x64.Build.0 = Debug|Any CPU
		{E33AD84F-7876-4D27-A88C-6C422D872DD5}.Release|Any CPU.ActiveCfg = Release|Any CPU
		{E33AD84F-7876-4D27-A88C-6C422D872DD5}.Release|Any CPU.Build.0 = Release|Any CPU
		{E33AD84F-7876-4D27-A88C-6C422D872DD5}.Release|x64.ActiveCfg = Release|Any CPU
		{E33AD84F-7876-4D27-A88C-6C422D872DD5}.Release|x64.Build.0 = Release|Any CPU
		{73B379B5-A3AC-4E4E-896D-AD7233F68407}.Debug|Any CPU.ActiveCfg = Debug|Any CPU
		{73B379B5-A3AC-4E4E-896D-AD7233F68407}.Debug|Any CPU.Build.0 = Debug|Any CPU
		{73B379B5-A3AC-4E4E-896D-AD7233F68407}.Debug|x64.ActiveCfg = Debug|Any CPU
		{73B379B5-A3AC-4E4E-896D-AD7233F68407}.Debug|x64.Build.0 = Debug|Any CPU
		{73B379B5-A3AC-4E4E-896D-AD7233F68407}.Release|Any CPU.ActiveCfg = Release|Any CPU
		{73B379B5-A3AC-4E4E-896D-AD7233F68407}.Release|Any CPU.Build.0 = Release|Any CPU
		{73B379B5-A3AC-4E4E-896D-AD7233F68407}.Release|x64.ActiveCfg = Release|Any CPU
		{73B379B5-A3AC-4E4E-896D-AD7233F68407}.Release|x64.Build.0 = Release|Any CPU
		{2D95BBC0-2223-4089-AB06-653498827A96}.Debug|Any CPU.ActiveCfg = Debug|Any CPU
		{2D95BBC0-2223-4089-AB06-653498827A96}.Debug|Any CPU.Build.0 = Debug|Any CPU
		{2D95BBC0-2223-4089-AB06-653498827A96}.Debug|x64.ActiveCfg = Debug|Any CPU
		{2D95BBC0-2223-4089-AB06-653498827A96}.Debug|x64.Build.0 = Debug|Any CPU
		{2D95BBC0-2223-4089-AB06-653498827A96}.Release|Any CPU.ActiveCfg = Release|Any CPU
		{2D95BBC0-2223-4089-AB06-653498827A96}.Release|Any CPU.Build.0 = Release|Any CPU
		{2D95BBC0-2223-4089-AB06-653498827A96}.Release|x64.ActiveCfg = Release|Any CPU
		{2D95BBC0-2223-4089-AB06-653498827A96}.Release|x64.Build.0 = Release|Any CPU
		{A7B10D38-F196-4260-8686-8F92902E653C}.Debug|Any CPU.ActiveCfg = Debug|Any CPU
		{A7B10D38-F196-4260-8686-8F92902E653C}.Debug|Any CPU.Build.0 = Debug|Any CPU
		{A7B10D38-F196-4260-8686-8F92902E653C}.Debug|x64.ActiveCfg = Debug|Any CPU
		{A7B10D38-F196-4260-8686-8F92902E653C}.Debug|x64.Build.0 = Debug|Any CPU
		{A7B10D38-F196-4260-8686-8F92902E653C}.Release|Any CPU.ActiveCfg = Release|Any CPU
		{A7B10D38-F196-4260-8686-8F92902E653C}.Release|Any CPU.Build.0 = Release|Any CPU
		{A7B10D38-F196-4260-8686-8F92902E653C}.Release|x64.ActiveCfg = Release|Any CPU
		{A7B10D38-F196-4260-8686-8F92902E653C}.Release|x64.Build.0 = Release|Any CPU
		{58E4CBC6-D588-4D2C-8070-3FFAAC81AF81}.Debug|Any CPU.ActiveCfg = Debug|Any CPU
		{58E4CBC6-D588-4D2C-8070-3FFAAC81AF81}.Debug|Any CPU.Build.0 = Debug|Any CPU
		{58E4CBC6-D588-4D2C-8070-3FFAAC81AF81}.Debug|x64.ActiveCfg = Debug|Any CPU
		{58E4CBC6-D588-4D2C-8070-3FFAAC81AF81}.Debug|x64.Build.0 = Debug|Any CPU
		{58E4CBC6-D588-4D2C-8070-3FFAAC81AF81}.Release|Any CPU.ActiveCfg = Release|Any CPU
		{58E4CBC6-D588-4D2C-8070-3FFAAC81AF81}.Release|Any CPU.Build.0 = Release|Any CPU
		{58E4CBC6-D588-4D2C-8070-3FFAAC81AF81}.Release|x64.ActiveCfg = Release|Any CPU
		{58E4CBC6-D588-4D2C-8070-3FFAAC81AF81}.Release|x64.Build.0 = Release|Any CPU
		{045BC7CF-8EB1-47B3-8927-08D1C5492837}.Debug|Any CPU.ActiveCfg = Debug|Any CPU
		{045BC7CF-8EB1-47B3-8927-08D1C5492837}.Debug|Any CPU.Build.0 = Debug|Any CPU
		{045BC7CF-8EB1-47B3-8927-08D1C5492837}.Debug|x64.ActiveCfg = Debug|Any CPU
		{045BC7CF-8EB1-47B3-8927-08D1C5492837}.Debug|x64.Build.0 = Debug|Any CPU
		{045BC7CF-8EB1-47B3-8927-08D1C5492837}.Release|Any CPU.ActiveCfg = Release|Any CPU
		{045BC7CF-8EB1-47B3-8927-08D1C5492837}.Release|Any CPU.Build.0 = Release|Any CPU
		{045BC7CF-8EB1-47B3-8927-08D1C5492837}.Release|x64.ActiveCfg = Release|Any CPU
		{045BC7CF-8EB1-47B3-8927-08D1C5492837}.Release|x64.Build.0 = Release|Any CPU
		{4CCEF959-6011-414F-AE8D-EA23C4EA9737}.Debug|Any CPU.ActiveCfg = Debug|Any CPU
		{4CCEF959-6011-414F-AE8D-EA23C4EA9737}.Debug|Any CPU.Build.0 = Debug|Any CPU
		{4CCEF959-6011-414F-AE8D-EA23C4EA9737}.Debug|x64.ActiveCfg = Debug|Any CPU
		{4CCEF959-6011-414F-AE8D-EA23C4EA9737}.Debug|x64.Build.0 = Debug|Any CPU
		{4CCEF959-6011-414F-AE8D-EA23C4EA9737}.Release|Any CPU.ActiveCfg = Release|Any CPU
		{4CCEF959-6011-414F-AE8D-EA23C4EA9737}.Release|Any CPU.Build.0 = Release|Any CPU
		{4CCEF959-6011-414F-AE8D-EA23C4EA9737}.Release|x64.ActiveCfg = Release|Any CPU
		{4CCEF959-6011-414F-AE8D-EA23C4EA9737}.Release|x64.Build.0 = Release|Any CPU
		{EC6B26E2-153E-46CE-BD05-252C1528B439}.Debug|Any CPU.ActiveCfg = Debug|Any CPU
		{EC6B26E2-153E-46CE-BD05-252C1528B439}.Debug|Any CPU.Build.0 = Debug|Any CPU
		{EC6B26E2-153E-46CE-BD05-252C1528B439}.Debug|x64.ActiveCfg = Debug|Any CPU
		{EC6B26E2-153E-46CE-BD05-252C1528B439}.Debug|x64.Build.0 = Debug|Any CPU
		{EC6B26E2-153E-46CE-BD05-252C1528B439}.Release|Any CPU.ActiveCfg = Release|Any CPU
		{EC6B26E2-153E-46CE-BD05-252C1528B439}.Release|Any CPU.Build.0 = Release|Any CPU
		{EC6B26E2-153E-46CE-BD05-252C1528B439}.Release|x64.ActiveCfg = Release|Any CPU
		{EC6B26E2-153E-46CE-BD05-252C1528B439}.Release|x64.Build.0 = Release|Any CPU
		{7A193D44-AA1F-4EE4-9660-28DF25759CB5}.Debug|Any CPU.ActiveCfg = Debug|Any CPU
		{7A193D44-AA1F-4EE4-9660-28DF25759CB5}.Debug|Any CPU.Build.0 = Debug|Any CPU
		{7A193D44-AA1F-4EE4-9660-28DF25759CB5}.Debug|x64.ActiveCfg = Debug|Any CPU
		{7A193D44-AA1F-4EE4-9660-28DF25759CB5}.Debug|x64.Build.0 = Debug|Any CPU
		{7A193D44-AA1F-4EE4-9660-28DF25759CB5}.Release|Any CPU.ActiveCfg = Release|Any CPU
		{7A193D44-AA1F-4EE4-9660-28DF25759CB5}.Release|Any CPU.Build.0 = Release|Any CPU
		{7A193D44-AA1F-4EE4-9660-28DF25759CB5}.Release|x64.ActiveCfg = Release|Any CPU
		{7A193D44-AA1F-4EE4-9660-28DF25759CB5}.Release|x64.Build.0 = Release|Any CPU
		{6AC7A999-D243-4F03-B60D-8238890ECF6B}.Debug|Any CPU.ActiveCfg = Debug|Any CPU
		{6AC7A999-D243-4F03-B60D-8238890ECF6B}.Debug|Any CPU.Build.0 = Debug|Any CPU
		{6AC7A999-D243-4F03-B60D-8238890ECF6B}.Debug|x64.ActiveCfg = Debug|Any CPU
		{6AC7A999-D243-4F03-B60D-8238890ECF6B}.Debug|x64.Build.0 = Debug|Any CPU
		{6AC7A999-D243-4F03-B60D-8238890ECF6B}.Release|Any CPU.ActiveCfg = Release|Any CPU
		{6AC7A999-D243-4F03-B60D-8238890ECF6B}.Release|Any CPU.Build.0 = Release|Any CPU
		{6AC7A999-D243-4F03-B60D-8238890ECF6B}.Release|x64.ActiveCfg = Release|Any CPU
		{6AC7A999-D243-4F03-B60D-8238890ECF6B}.Release|x64.Build.0 = Release|Any CPU
		{3F56DDA8-A67F-4BB6-8394-118DDF08B556}.Debug|Any CPU.ActiveCfg = Debug|Any CPU
		{3F56DDA8-A67F-4BB6-8394-118DDF08B556}.Debug|Any CPU.Build.0 = Debug|Any CPU
		{3F56DDA8-A67F-4BB6-8394-118DDF08B556}.Debug|x64.ActiveCfg = Debug|Any CPU
		{3F56DDA8-A67F-4BB6-8394-118DDF08B556}.Debug|x64.Build.0 = Debug|Any CPU
		{3F56DDA8-A67F-4BB6-8394-118DDF08B556}.Release|Any CPU.ActiveCfg = Release|Any CPU
		{3F56DDA8-A67F-4BB6-8394-118DDF08B556}.Release|Any CPU.Build.0 = Release|Any CPU
		{3F56DDA8-A67F-4BB6-8394-118DDF08B556}.Release|x64.ActiveCfg = Release|Any CPU
		{3F56DDA8-A67F-4BB6-8394-118DDF08B556}.Release|x64.Build.0 = Release|Any CPU
	EndGlobalSection
	GlobalSection(SolutionProperties) = preSolution
		HideSolutionNode = FALSE
	EndGlobalSection
	GlobalSection(NestedProjects) = preSolution
		{4D23ADEC-26CD-410F-A272-6D3F2ACAA2BD} = {99F0E767-A5EF-45A2-8D20-2828BC875B38}
		{BFAC02C3-2953-405C-B490-9313FF02F299} = {99F0E767-A5EF-45A2-8D20-2828BC875B38}
		{DB03CBB3-7BB8-4910-A38A-08EB9DF05822} = {99F0E767-A5EF-45A2-8D20-2828BC875B38}
		{2C2416D6-0FE1-4949-BABB-4E2F94708ED9} = {99F0E767-A5EF-45A2-8D20-2828BC875B38}
		{43D33E90-AE26-4663-B2A7-583A378D9668} = {99F0E767-A5EF-45A2-8D20-2828BC875B38}
		{EB45C92F-D664-4F6E-9695-2EA844DC358F} = {99F0E767-A5EF-45A2-8D20-2828BC875B38}
		{9F3BF4E0-09F9-4F52-8AD1-30FF0858D2D5} = {99F0E767-A5EF-45A2-8D20-2828BC875B38}
		{12D1233A-4D11-4D8D-8DDD-BB4E394B3BCE} = {99F0E767-A5EF-45A2-8D20-2828BC875B38}
		{A54D0F86-EA9F-4425-9422-1C6EEEFF78BE} = {99F0E767-A5EF-45A2-8D20-2828BC875B38}
		{8A95AEED-1B5F-41DB-BC3A-0F1576057687} = {99F0E767-A5EF-45A2-8D20-2828BC875B38}
		{1281A263-FA18-4A26-850D-6CF69F83D365} = {99F0E767-A5EF-45A2-8D20-2828BC875B38}
		{67F42423-D533-411F-9459-DE56341A10CA} = {99F0E767-A5EF-45A2-8D20-2828BC875B38}
		{8C9C6067-C696-4E5A-9DC9-16925ADF54F7} = {99F0E767-A5EF-45A2-8D20-2828BC875B38}
		{8F80CE9C-ABF2-4258-B65B-71E6129CCC98} = {99F0E767-A5EF-45A2-8D20-2828BC875B38}
		{E1B87BA4-3397-4070-A425-84C46BF19C12} = {99F0E767-A5EF-45A2-8D20-2828BC875B38}
		{A793121E-9D65-4FC1-AFB5-95727E6D866F} = {99F0E767-A5EF-45A2-8D20-2828BC875B38}
		{AB0712A5-0D07-41AA-A9A9-CC8EF06560D0} = {99F0E767-A5EF-45A2-8D20-2828BC875B38}
		{524BEFAE-046A-49E1-AD71-6A4FDD11D6E2} = {99F0E767-A5EF-45A2-8D20-2828BC875B38}
		{2F663101-D108-4D19-BA98-447791E35E00} = {99F0E767-A5EF-45A2-8D20-2828BC875B38}
		{7A5BD35B-FE27-4663-AFC1-35AFF7597C2F} = {99F0E767-A5EF-45A2-8D20-2828BC875B38}
		{F8624C6E-4EEE-4751-AF17-D76803F7A40B} = {99F0E767-A5EF-45A2-8D20-2828BC875B38}
		{69992B6B-26B1-48D2-9661-2D4949069218} = {99F0E767-A5EF-45A2-8D20-2828BC875B38}
		{06222902-6091-46EA-949A-4B0766167CFF} = {99F0E767-A5EF-45A2-8D20-2828BC875B38}
		{2D4D311F-E70E-49EB-AEFC-57561196410B} = {99F0E767-A5EF-45A2-8D20-2828BC875B38}
		{A9A17C49-EB25-48CB-BFD4-2381280940C0} = {99F0E767-A5EF-45A2-8D20-2828BC875B38}
		{3AD6EBDE-199E-416C-8930-D08F7D29F792} = {99F0E767-A5EF-45A2-8D20-2828BC875B38}
		{779B651B-1730-420C-A61A-223F1DEA6AE9} = {99F0E767-A5EF-45A2-8D20-2828BC875B38}
		{0B22E9D3-835C-4C5F-9008-0A67150A585C} = {99F0E767-A5EF-45A2-8D20-2828BC875B38}
		{7832B199-0AC4-4A79-BD22-1C83828C6F16} = {99F0E767-A5EF-45A2-8D20-2828BC875B38}
		{8F3C0D30-B77E-4EE9-A3D3-31E9FCF13E04} = {99F0E767-A5EF-45A2-8D20-2828BC875B38}
		{E448C056-E97B-4E6C-A5DC-A2BEC6FF17A7} = {99F0E767-A5EF-45A2-8D20-2828BC875B38}
		{1D8AEA0B-0511-47E3-AC01-AEFA10630195} = {99F0E767-A5EF-45A2-8D20-2828BC875B38}
		{BC081D6A-13BF-449F-8323-33AE9145613F} = {99F0E767-A5EF-45A2-8D20-2828BC875B38}
		{FC32CE23-AD5B-4F1E-A5A2-A5C1A3FF92A2} = {99F0E767-A5EF-45A2-8D20-2828BC875B38}
		{7912CCAB-2F87-4A72-9AAE-AEB2FF50BB46} = {99F0E767-A5EF-45A2-8D20-2828BC875B38}
		{9E5C49B9-1ADE-4619-8C65-12B20952A757} = {99F0E767-A5EF-45A2-8D20-2828BC875B38}
		{645BF875-29BC-43D0-9331-E0F379870521} = {99F0E767-A5EF-45A2-8D20-2828BC875B38}
		{E33AD84F-7876-4D27-A88C-6C422D872DD5} = {99F0E767-A5EF-45A2-8D20-2828BC875B38}
		{73B379B5-A3AC-4E4E-896D-AD7233F68407} = {99F0E767-A5EF-45A2-8D20-2828BC875B38}
		{2D95BBC0-2223-4089-AB06-653498827A96} = {99F0E767-A5EF-45A2-8D20-2828BC875B38}
		{A7B10D38-F196-4260-8686-8F92902E653C} = {99F0E767-A5EF-45A2-8D20-2828BC875B38}
		{58E4CBC6-D588-4D2C-8070-3FFAAC81AF81} = {99F0E767-A5EF-45A2-8D20-2828BC875B38}
		{045BC7CF-8EB1-47B3-8927-08D1C5492837} = {99F0E767-A5EF-45A2-8D20-2828BC875B38}
		{4CCEF959-6011-414F-AE8D-EA23C4EA9737} = {99F0E767-A5EF-45A2-8D20-2828BC875B38}
		{EC6B26E2-153E-46CE-BD05-252C1528B439} = {99F0E767-A5EF-45A2-8D20-2828BC875B38}
		{7A193D44-AA1F-4EE4-9660-28DF25759CB5} = {99F0E767-A5EF-45A2-8D20-2828BC875B38}
		{6AC7A999-D243-4F03-B60D-8238890ECF6B} = {99F0E767-A5EF-45A2-8D20-2828BC875B38}
		{3F56DDA8-A67F-4BB6-8394-118DDF08B556} = {99F0E767-A5EF-45A2-8D20-2828BC875B38}
	EndGlobalSection
	GlobalSection(ExtensibilityGlobals) = postSolution
		SolutionGuid = {9D22C6E9-E084-4A09-B385-1B21A991B43F}
	EndGlobalSection
EndGlobal
